
Microsoft Visual Studio Solution File, Format Version 9.00
# Visual Studio 2005
Project("{FAE04EC0-301F-11D3-BF4B-00C04F79EFBC}") = "3DStudioMax", "3DStudioMax\3DStudioMax.csproj", "{EDF2C325-8277-4E46-B3D7-3A0C9825806B}"
EndProject
Global
	GlobalSection(SolutionConfigurationPlatforms) = preSolution
		Debug|Any CPU = Debug|Any CPU
		Release|Any CPU = Release|Any CPU
	EndGlobalSection
	GlobalSection(ProjectConfigurationPlatforms) = postSolution
		{EDF2C325-8277-4E46-B3D7-3A0C9825806B}.Debug|Any CPU.ActiveCfg = Debug|Any CPU
		{EDF2C325-8277-4E46-B3D7-3A0C9825806B}.Debug|Any CPU.Build.0 = Debug|Any CPU
		{EDF2C325-8277-4E46-B3D7-3A0C9825806B}.Release|Any CPU.ActiveCfg = Release|Any CPU
		{EDF2C325-8277-4E46-B3D7-3A0C9825806B}.Release|Any CPU.Build.0 = Release|Any CPU
	EndGlobalSection
	GlobalSection(SolutionProperties) = preSolution
		HideSolutionNode = FALSE
	EndGlobalSection
EndGlobal
